
Microsoft Visual Studio Solution File, Format Version 12.00
# Visual Studio Version 16
VisualStudioVersion = 16.0.29411.108
MinimumVisualStudioVersion = 10.0.40219.1
Project("{FAE04EC0-301F-11D3-BF4B-00C04F79EFBC}") = "ConsoleApp1", "ConsoleApp1\ConsoleApp1.csproj", "{AC7552BB-A99D-45B7-9063-FA528599B12C}"
EndProject
Global
	GlobalSection(SolutionConfigurationPlatforms) = preSolution
		Debug|Any CPU = Debug|Any CPU
		Release|Any CPU = Release|Any CPU
	EndGlobalSection
	GlobalSection(ProjectConfigurationPlatforms) = postSolution
		{AC7552BB-A99D-45B7-9063-FA528599B12C}.Debug|Any CPU.ActiveCfg = Debug|Any CPU
		{AC7552BB-A99D-45B7-9063-FA528599B12C}.Debug|Any CPU.Build.0 = Debug|Any CPU
		{AC7552BB-A99D-45B7-9063-FA528599B12C}.Release|Any CPU.ActiveCfg = Release|Any CPU
		{AC7552BB-A99D-45B7-9063-FA528599B12C}.Release|Any CPU.Build.0 = Release|Any CPU
	EndGlobalSection
	GlobalSection(SolutionProperties) = preSolution
		HideSolutionNode = FALSE
	EndGlobalSection
	GlobalSection(ExtensibilityGlobals) = postSolution
		SolutionGuid = {A43F5875-F6CC-42E0-B48F-7BF6595216E2}
	EndGlobalSection
EndGlobal
